
Microsoft Visual Studio Solution File, Format Version 11.00
# Visual Studio 2010
Project("{FAE04EC0-301F-11D3-BF4B-00C04F79EFBC}") = "Checkers.Runtime", "Checkers.Runtime.csproj", "{481c54af-8e6a-5377-d11c-297ce5c47555}"
EndProject
Project("{FAE04EC0-301F-11D3-BF4B-00C04F79EFBC}") = "Assembly-CSharp", "Assembly-CSharp.csproj", "{464d3c65-f44e-68d1-e6d6-6199e72f48ee}"
EndProject
Global
	GlobalSection(SolutionConfigurationPlatforms) = preSolution
		Debug|Any CPU = Debug|Any CPU
	EndGlobalSection
	GlobalSection(ProjectConfigurationPlatforms) = postSolution
		{481c54af-8e6a-5377-d11c-297ce5c47555}.Debug|Any CPU.ActiveCfg = Debug|Any CPU
		{481c54af-8e6a-5377-d11c-297ce5c47555}.Debug|Any CPU.Build.0 = Debug|Any CPU
		{464d3c65-f44e-68d1-e6d6-6199e72f48ee}.Debug|Any CPU.ActiveCfg = Debug|Any CPU
		{464d3c65-f44e-68d1-e6d6-6199e72f48ee}.Debug|Any CPU.Build.0 = Debug|Any CPU
	EndGlobalSection
	GlobalSection(SolutionProperties) = preSolution
		HideSolutionNode = FALSE
	EndGlobalSection
EndGlobal
